
Microsoft Visual Studio Solution File, Format Version 12.00
# Visual Studio Version 16
VisualStudioVersion = 16.0.30114.105
MinimumVisualStudioVersion = 10.0.40219.1
Project("{FAE04EC0-301F-11D3-BF4B-00C04F79EFBC}") = "domzad1rec", "domzad1rec.csproj", "{6CD9714D-1FF7-4B6F-B196-470273F974A8}"
EndProject
Global
	GlobalSection(SolutionConfigurationPlatforms) = preSolution
		Debug|Any CPU = Debug|Any CPU
		Release|Any CPU = Release|Any CPU
	EndGlobalSection
	GlobalSection(ProjectConfigurationPlatforms) = postSolution
		{6CD9714D-1FF7-4B6F-B196-470273F974A8}.Debug|Any CPU.ActiveCfg = Debug|Any CPU
		{6CD9714D-1FF7-4B6F-B196-470273F974A8}.Debug|Any CPU.Build.0 = Debug|Any CPU
		{6CD9714D-1FF7-4B6F-B196-470273F974A8}.Release|Any CPU.ActiveCfg = Release|Any CPU
		{6CD9714D-1FF7-4B6F-B196-470273F974A8}.Release|Any CPU.Build.0 = Release|Any CPU
	EndGlobalSection
	GlobalSection(SolutionProperties) = preSolution
		HideSolutionNode = FALSE
	EndGlobalSection
	GlobalSection(ExtensibilityGlobals) = postSolution
		SolutionGuid = {D1F35A40-B4F1-41D9-ADF2-CA1777C0DAEB}
	EndGlobalSection
EndGlobal
