
Microsoft Visual Studio Solution File, Format Version 12.00
# Visual Studio Version 16
VisualStudioVersion = 16.0.30114.105
MinimumVisualStudioVersion = 10.0.40219.1
Project("{FAE04EC0-301F-11D3-BF4B-00C04F79EFBC}") = "domzad4rec", "domzad4rec.csproj", "{511EC651-534F-489B-970D-CCC8B78CC1AB}"
EndProject
Global
	GlobalSection(SolutionConfigurationPlatforms) = preSolution
		Debug|Any CPU = Debug|Any CPU
		Release|Any CPU = Release|Any CPU
	EndGlobalSection
	GlobalSection(ProjectConfigurationPlatforms) = postSolution
		{511EC651-534F-489B-970D-CCC8B78CC1AB}.Debug|Any CPU.ActiveCfg = Debug|Any CPU
		{511EC651-534F-489B-970D-CCC8B78CC1AB}.Debug|Any CPU.Build.0 = Debug|Any CPU
		{511EC651-534F-489B-970D-CCC8B78CC1AB}.Release|Any CPU.ActiveCfg = Release|Any CPU
		{511EC651-534F-489B-970D-CCC8B78CC1AB}.Release|Any CPU.Build.0 = Release|Any CPU
	EndGlobalSection
	GlobalSection(SolutionProperties) = preSolution
		HideSolutionNode = FALSE
	EndGlobalSection
	GlobalSection(ExtensibilityGlobals) = postSolution
		SolutionGuid = {C4C0C1DF-7DC0-4DBA-B3FF-61049C61E263}
	EndGlobalSection
EndGlobal
